
Microsoft Visual Studio Solution File, Format Version 12.00
# Visual Studio Version 16
VisualStudioVersion = 16.0.810.7
MinimumVisualStudioVersion = 10.0.40219.1
Project("{FAE04EC0-301F-11D3-BF4B-00C04F79EFBC}") = "PracticeExercise0", "PracticeExercise0\PracticeExercise0.csproj", "{C8CAEF66-535E-48A4-8286-0EBE71E3D10F}"
EndProject
Project("{FAE04EC0-301F-11D3-BF4B-00C04F79EFBC}") = "UnitTests", "UnitTests\UnitTests.csproj", "{F6B27D4D-3903-4479-8B38-97DD2841D9A9}"
EndProject
Global
	GlobalSection(SolutionConfigurationPlatforms) = preSolution
		Debug|Any CPU = Debug|Any CPU
		Release|Any CPU = Release|Any CPU
	EndGlobalSection
	GlobalSection(ProjectConfigurationPlatforms) = postSolution
		{C8CAEF66-535E-48A4-8286-0EBE71E3D10F}.Debug|Any CPU.ActiveCfg = Debug|Any CPU
		{C8CAEF66-535E-48A4-8286-0EBE71E3D10F}.Debug|Any CPU.Build.0 = Debug|Any CPU
		{C8CAEF66-535E-48A4-8286-0EBE71E3D10F}.Release|Any CPU.ActiveCfg = Release|Any CPU
		{C8CAEF66-535E-48A4-8286-0EBE71E3D10F}.Release|Any CPU.Build.0 = Release|Any CPU
		{F6B27D4D-3903-4479-8B38-97DD2841D9A9}.Debug|Any CPU.ActiveCfg = Debug|Any CPU
		{F6B27D4D-3903-4479-8B38-97DD2841D9A9}.Debug|Any CPU.Build.0 = Debug|Any CPU
		{F6B27D4D-3903-4479-8B38-97DD2841D9A9}.Release|Any CPU.ActiveCfg = Release|Any CPU
		{F6B27D4D-3903-4479-8B38-97DD2841D9A9}.Release|Any CPU.Build.0 = Release|Any CPU
	EndGlobalSection
	GlobalSection(SolutionProperties) = preSolution
		HideSolutionNode = FALSE
	EndGlobalSection
	GlobalSection(ExtensibilityGlobals) = postSolution
		SolutionGuid = {E88FEE2F-4F42-47A1-A5B8-23258573F742}
	EndGlobalSection
EndGlobal
